# @generated by Move, please check-in and do not edit manually.

[move]
version = 3
manifest_digest = "65E281DCB0CE4528035BD873E244857A39DE5B439BB8E6E359022CC8CA3C6E4D"
deps_digest = "3C4103934B1E040BB6B23F1D610B4EF9F2F1166A50A104EADCF77467C004C600"
dependencies = [
  { id = "Sui", name = "Sui" },
  { id = "sui_extensions", name = "sui_extensions" },
]

[[move.package]]
id = "MoveStdlib"
source = { git = "https://github.com/MystenLabs/sui.git", rev = "a4185da5659d8d299d34e1bb2515ff1f7e32a20a", subdir = "crates/sui-framework/packages/move-stdlib" }

[[move.package]]
id = "Sui"
source = { git = "https://github.com/MystenLabs/sui.git", rev = "a4185da5659d8d299d34e1bb2515ff1f7e32a20a", subdir = "crates/sui-framework/packages/sui-framework" }

dependencies = [
  { id = "MoveStdlib", name = "MoveStdlib" },
]

[[move.package]]
id = "sui_extensions"
source = { git = "https://github.com/circlefin/stablecoin-sui.git", rev = "master", subdir = "packages/sui_extensions" }

dependencies = [
  { id = "Sui", name = "Sui" },
]

[move.toolchain-version]
compiler-version = "1.56.2"
edition = "2024.beta"
flavor = "sui"

[env]

[env.testnet]
chain-id = "4c78adac"
original-published-id = "0xbeff14d16b81d693d9884183f3edc2c093eda04ec19c51e33fb9b6c2bf3ffbd2"
latest-published-id = "0xbeff14d16b81d693d9884183f3edc2c093eda04ec19c51e33fb9b6c2bf3ffbd2"
published-version = "1"
